
Microsoft Visual Studio Solution File, Format Version 12.00
# Visual Studio 15
VisualStudioVersion = 15.0.28307.960
MinimumVisualStudioVersion = 10.0.40219.1
Project("{9A19103F-16F7-4668-BE54-9A1E7A4F7556}") = "Dfe.Spi.GiasAdapter.Functions", "Dfe.Spi.GiasAdapter.Functions\Dfe.Spi.GiasAdapter.Functions.csproj", "{45E433F7-4AAF-465C-BB8F-FA9BBDB5845C}"
EndProject
Project("{9A19103F-16F7-4668-BE54-9A1E7A4F7556}") = "Dfe.Spi.GiasAdapter.Domain", "Dfe.Spi.GiasAdapter.Domain\Dfe.Spi.GiasAdapter.Domain.csproj", "{915A45E7-B867-48D1-9DB1-4D6984B9E7D2}"
EndProject
Project("{9A19103F-16F7-4668-BE54-9A1E7A4F7556}") = "Dfe.Spi.GiasAdapter.Infrastructure.GiasSoapApi", "Dfe.Spi.GiasAdapter.Infrastructure.GiasSoapApi\Dfe.Spi.GiasAdapter.Infrastructure.GiasSoapApi.csproj", "{AB9CC536-0A50-4F08-BCD8-8E23AC14A38F}"
EndProject
Project("{9A19103F-16F7-4668-BE54-9A1E7A4F7556}") = "Dfe.Spi.GiasAdapter.Application", "Dfe.Spi.GiasAdapter.Application\Dfe.Spi.GiasAdapter.Application.csproj", "{04746F62-4C51-4074-9942-E0F2B800FC65}"
EndProject
Project("{2150E333-8FDC-42A3-9474-1A3956D46DE8}") = "Tests", "Tests", "{BF25E5F8-95CF-4550-B6DB-BBE7ADE9328F}"
EndProject
Project("{9A19103F-16F7-4668-BE54-9A1E7A4F7556}") = "Dfe.Spi.GiasAdapter.Functions.UnitTests", "Dfe.Spi.GiasAdapter.Functions.UnitTests\Dfe.Spi.GiasAdapter.Functions.UnitTests.csproj", "{765D3C8E-339C-4DDF-96D8-01D5E0FC7DF8}"
EndProject
Project("{9A19103F-16F7-4668-BE54-9A1E7A4F7556}") = "Dfe.Spi.GiasAdapter.Application.UnitTests", "Dfe.Spi.GiasAdapter.Application.UnitTests\Dfe.Spi.GiasAdapter.Application.UnitTests.csproj", "{EF3AFDFA-5A2A-4A43-A42E-E8B16A0DD554}"
EndProject
Project("{9A19103F-16F7-4668-BE54-9A1E7A4F7556}") = "Dfe.Spi.GiasAdapter.Infrastructure.InProcMapping", "Dfe.Spi.GiasAdapter.Infrastructure.InProcMapping\Dfe.Spi.GiasAdapter.Infrastructure.InProcMapping.csproj", "{ED4EF599-AF89-47D9-8D21-E6C0F87E1485}"
EndProject
Project("{2150E333-8FDC-42A3-9474-1A3956D46DE8}") = "Release", "Release", "{053962FA-B190-4DFC-9057-8A1005338F9F}"
EndProject
Project("{2150E333-8FDC-42A3-9474-1A3956D46DE8}") = "Build", "Build", "{26C9C98C-28B1-488F-9D04-094BB82BEBFA}"
	ProjectSection(SolutionItems) = preProject
		..\pipelines\build.yml = ..\pipelines\build.yml
	EndProjectSection
EndProject
Project("{9A19103F-16F7-4668-BE54-9A1E7A4F7556}") = "Dfe.Spi.GiasAdapter.Infrastructure.InProcMapping.UnitTests", "Dfe.Spi.GiasAdapter.Infrastructure.InProcMapping.UnitTests\Dfe.Spi.GiasAdapter.Infrastructure.InProcMapping.UnitTests.csproj", "{6BAD581B-1210-4E24-87F1-CD53AC8DB0B9}"
EndProject
Project("{9A19103F-16F7-4668-BE54-9A1E7A4F7556}") = "Dfe.Spi.GiasAdapter.Infrastructure.GiasSoapApi.UnitTests", "Dfe.Spi.GiasAdapter.Infrastructure.GiasSoapApi.UnitTests\Dfe.Spi.GiasAdapter.Infrastructure.GiasSoapApi.UnitTests.csproj", "{5BF03C9C-AFD5-4993-9D5C-A23CCC7F156E}"
EndProject
Project("{2150E333-8FDC-42A3-9474-1A3956D46DE8}") = "Release", "Release", "{85781B96-375D-4B39-B1EE-A581F83E5DE2}"
	ProjectSection(SolutionItems) = preProject
		..\eventing\events.json = ..\eventing\events.json
		..\azure\template.json = ..\azure\template.json
		..\eventing\UpdatePublishedEvents.ps1 = ..\eventing\UpdatePublishedEvents.ps1
	EndProjectSection
EndProject
Project("{9A19103F-16F7-4668-BE54-9A1E7A4F7556}") = "Dfe.Spi.GiasAdapter.Infrastructure.GiasPublicDownload", "Dfe.Spi.GiasAdapter.Infrastructure.GiasPublicDownload\Dfe.Spi.GiasAdapter.Infrastructure.GiasPublicDownload.csproj", "{383F5738-9A6F-4639-9F8C-CF32FBA8C53E}"
EndProject
Project("{9A19103F-16F7-4668-BE54-9A1E7A4F7556}") = "Dfe.Spi.GiasAdapter.Infrastructure.AzureStorage", "Dfe.Spi.GiasAdapter.Infrastructure.AzureStorage\Dfe.Spi.GiasAdapter.Infrastructure.AzureStorage.csproj", "{F5A2AA5C-30EA-4E3D-907F-F9B354E155E3}"
EndProject
Project("{9A19103F-16F7-4668-BE54-9A1E7A4F7556}") = "Dfe.Spi.GiasAdapter.Infrastructure.SpiMiddleware", "Dfe.Spi.GiasAdapter.Infrastructure.SpiMiddleware\Dfe.Spi.GiasAdapter.Infrastructure.SpiMiddleware.csproj", "{08EA2172-04EF-40E3-BF69-2C85DA219A34}"
EndProject
Project("{9A19103F-16F7-4668-BE54-9A1E7A4F7556}") = "Dfe.Spi.GiasAdapter.Infrastructure.SpiMiddleware.UnitTests", "Dfe.Spi.GiasAdapter.Infrastructure.SpiMiddleware.UnitTests\Dfe.Spi.GiasAdapter.Infrastructure.SpiMiddleware.UnitTests.csproj", "{E6EC18B6-437C-4A77-812D-36552F371DB2}"
EndProject
Project("{9A19103F-16F7-4668-BE54-9A1E7A4F7556}") = "Dfe.Spi.GiasAdapter.Infrastructure.SpiTranslator", "Dfe.Spi.GiasAdapter.Infrastructure.SpiTranslator\Dfe.Spi.GiasAdapter.Infrastructure.SpiTranslator.csproj", "{B7477174-0F9D-464B-8D70-9EC28C709E67}"
EndProject
Project("{9A19103F-16F7-4668-BE54-9A1E7A4F7556}") = "Dfe.Spi.GiasAdapter.Infrastructure.SpiTranslator.UnitTests", "Dfe.Spi.GiasAdapter.Infrastructure.SpiTranslator.UnitTests\Dfe.Spi.GiasAdapter.Infrastructure.SpiTranslator.UnitTests.csproj", "{914472CB-1985-4798-91FB-02A23152B361}"
EndProject
Project("{2150E333-8FDC-42A3-9474-1A3956D46DE8}") = "Tools", "Tools", "{C1FA72FE-D8B5-4D62-83D5-E01596A486DB}"
EndProject
Project("{9A19103F-16F7-4668-BE54-9A1E7A4F7556}") = "PopulateInitialCache", "PopulateInitialCache\PopulateInitialCache.csproj", "{A70BD66F-855E-4AFB-B78D-6E4AD3EE0AAD}"
EndProject
Project("{FAE04EC0-301F-11D3-BF4B-00C04F79EFBC}") = "Dfe.Spi.GiasAdapter.Infrastructure.GiasPublicDownload.UnitTests", "Dfe.Spi.GiasAdapter.Infrastructure.GiasPublicDownload.UnitTests\Dfe.Spi.GiasAdapter.Infrastructure.GiasPublicDownload.UnitTests.csproj", "{E7AAEE6B-2D27-4D95-92EF-2B46B1F0BC33}"
EndProject
Global
	GlobalSection(SolutionConfigurationPlatforms) = preSolution
		Debug|Any CPU = Debug|Any CPU
		Release|Any CPU = Release|Any CPU
	EndGlobalSection
	GlobalSection(ProjectConfigurationPlatforms) = postSolution
		{45E433F7-4AAF-465C-BB8F-FA9BBDB5845C}.Debug|Any CPU.ActiveCfg = Debug|Any CPU
		{45E433F7-4AAF-465C-BB8F-FA9BBDB5845C}.Debug|Any CPU.Build.0 = Debug|Any CPU
		{45E433F7-4AAF-465C-BB8F-FA9BBDB5845C}.Release|Any CPU.ActiveCfg = Release|Any CPU
		{45E433F7-4AAF-465C-BB8F-FA9BBDB5845C}.Release|Any CPU.Build.0 = Release|Any CPU
		{915A45E7-B867-48D1-9DB1-4D6984B9E7D2}.Debug|Any CPU.ActiveCfg = Debug|Any CPU
		{915A45E7-B867-48D1-9DB1-4D6984B9E7D2}.Debug|Any CPU.Build.0 = Debug|Any CPU
		{915A45E7-B867-48D1-9DB1-4D6984B9E7D2}.Release|Any CPU.ActiveCfg = Release|Any CPU
		{915A45E7-B867-48D1-9DB1-4D6984B9E7D2}.Release|Any CPU.Build.0 = Release|Any CPU
		{AB9CC536-0A50-4F08-BCD8-8E23AC14A38F}.Debug|Any CPU.ActiveCfg = Debug|Any CPU
		{AB9CC536-0A50-4F08-BCD8-8E23AC14A38F}.Debug|Any CPU.Build.0 = Debug|Any CPU
		{AB9CC536-0A50-4F08-BCD8-8E23AC14A38F}.Release|Any CPU.ActiveCfg = Release|Any CPU
		{AB9CC536-0A50-4F08-BCD8-8E23AC14A38F}.Release|Any CPU.Build.0 = Release|Any CPU
		{04746F62-4C51-4074-9942-E0F2B800FC65}.Debug|Any CPU.ActiveCfg = Debug|Any CPU
		{04746F62-4C51-4074-9942-E0F2B800FC65}.Debug|Any CPU.Build.0 = Debug|Any CPU
		{04746F62-4C51-4074-9942-E0F2B800FC65}.Release|Any CPU.ActiveCfg = Release|Any CPU
		{04746F62-4C51-4074-9942-E0F2B800FC65}.Release|Any CPU.Build.0 = Release|Any CPU
		{765D3C8E-339C-4DDF-96D8-01D5E0FC7DF8}.Debug|Any CPU.ActiveCfg = Debug|Any CPU
		{765D3C8E-339C-4DDF-96D8-01D5E0FC7DF8}.Debug|Any CPU.Build.0 = Debug|Any CPU
		{765D3C8E-339C-4DDF-96D8-01D5E0FC7DF8}.Release|Any CPU.ActiveCfg = Release|Any CPU
		{765D3C8E-339C-4DDF-96D8-01D5E0FC7DF8}.Release|Any CPU.Build.0 = Release|Any CPU
		{EF3AFDFA-5A2A-4A43-A42E-E8B16A0DD554}.Debug|Any CPU.ActiveCfg = Debug|Any CPU
		{EF3AFDFA-5A2A-4A43-A42E-E8B16A0DD554}.Debug|Any CPU.Build.0 = Debug|Any CPU
		{EF3AFDFA-5A2A-4A43-A42E-E8B16A0DD554}.Release|Any CPU.ActiveCfg = Release|Any CPU
		{EF3AFDFA-5A2A-4A43-A42E-E8B16A0DD554}.Release|Any CPU.Build.0 = Release|Any CPU
		{ED4EF599-AF89-47D9-8D21-E6C0F87E1485}.Debug|Any CPU.ActiveCfg = Debug|Any CPU
		{ED4EF599-AF89-47D9-8D21-E6C0F87E1485}.Debug|Any CPU.Build.0 = Debug|Any CPU
		{ED4EF599-AF89-47D9-8D21-E6C0F87E1485}.Release|Any CPU.ActiveCfg = Release|Any CPU
		{ED4EF599-AF89-47D9-8D21-E6C0F87E1485}.Release|Any CPU.Build.0 = Release|Any CPU
		{6BAD581B-1210-4E24-87F1-CD53AC8DB0B9}.Debug|Any CPU.ActiveCfg = Debug|Any CPU
		{6BAD581B-1210-4E24-87F1-CD53AC8DB0B9}.Debug|Any CPU.Build.0 = Debug|Any CPU
		{6BAD581B-1210-4E24-87F1-CD53AC8DB0B9}.Release|Any CPU.ActiveCfg = Release|Any CPU
		{6BAD581B-1210-4E24-87F1-CD53AC8DB0B9}.Release|Any CPU.Build.0 = Release|Any CPU
		{5BF03C9C-AFD5-4993-9D5C-A23CCC7F156E}.Debug|Any CPU.ActiveCfg = Debug|Any CPU
		{5BF03C9C-AFD5-4993-9D5C-A23CCC7F156E}.Debug|Any CPU.Build.0 = Debug|Any CPU
		{5BF03C9C-AFD5-4993-9D5C-A23CCC7F156E}.Release|Any CPU.ActiveCfg = Release|Any CPU
		{5BF03C9C-AFD5-4993-9D5C-A23CCC7F156E}.Release|Any CPU.Build.0 = Release|Any CPU
		{383F5738-9A6F-4639-9F8C-CF32FBA8C53E}.Debug|Any CPU.ActiveCfg = Debug|Any CPU
		{383F5738-9A6F-4639-9F8C-CF32FBA8C53E}.Debug|Any CPU.Build.0 = Debug|Any CPU
		{383F5738-9A6F-4639-9F8C-CF32FBA8C53E}.Release|Any CPU.ActiveCfg = Release|Any CPU
		{383F5738-9A6F-4639-9F8C-CF32FBA8C53E}.Release|Any CPU.Build.0 = Release|Any CPU
		{F5A2AA5C-30EA-4E3D-907F-F9B354E155E3}.Debug|Any CPU.ActiveCfg = Debug|Any CPU
		{F5A2AA5C-30EA-4E3D-907F-F9B354E155E3}.Debug|Any CPU.Build.0 = Debug|Any CPU
		{F5A2AA5C-30EA-4E3D-907F-F9B354E155E3}.Release|Any CPU.ActiveCfg = Release|Any CPU
		{F5A2AA5C-30EA-4E3D-907F-F9B354E155E3}.Release|Any CPU.Build.0 = Release|Any CPU
		{08EA2172-04EF-40E3-BF69-2C85DA219A34}.Debug|Any CPU.ActiveCfg = Debug|Any CPU
		{08EA2172-04EF-40E3-BF69-2C85DA219A34}.Debug|Any CPU.Build.0 = Debug|Any CPU
		{08EA2172-04EF-40E3-BF69-2C85DA219A34}.Release|Any CPU.ActiveCfg = Release|Any CPU
		{08EA2172-04EF-40E3-BF69-2C85DA219A34}.Release|Any CPU.Build.0 = Release|Any CPU
		{E6EC18B6-437C-4A77-812D-36552F371DB2}.Debug|Any CPU.ActiveCfg = Debug|Any CPU
		{E6EC18B6-437C-4A77-812D-36552F371DB2}.Debug|Any CPU.Build.0 = Debug|Any CPU
		{E6EC18B6-437C-4A77-812D-36552F371DB2}.Release|Any CPU.ActiveCfg = Release|Any CPU
		{E6EC18B6-437C-4A77-812D-36552F371DB2}.Release|Any CPU.Build.0 = Release|Any CPU
		{B7477174-0F9D-464B-8D70-9EC28C709E67}.Debug|Any CPU.ActiveCfg = Debug|Any CPU
		{B7477174-0F9D-464B-8D70-9EC28C709E67}.Debug|Any CPU.Build.0 = Debug|Any CPU
		{B7477174-0F9D-464B-8D70-9EC28C709E67}.Release|Any CPU.ActiveCfg = Release|Any CPU
		{B7477174-0F9D-464B-8D70-9EC28C709E67}.Release|Any CPU.Build.0 = Release|Any CPU
		{914472CB-1985-4798-91FB-02A23152B361}.Debug|Any CPU.ActiveCfg = Debug|Any CPU
		{914472CB-1985-4798-91FB-02A23152B361}.Debug|Any CPU.Build.0 = Debug|Any CPU
		{914472CB-1985-4798-91FB-02A23152B361}.Release|Any CPU.ActiveCfg = Release|Any CPU
		{914472CB-1985-4798-91FB-02A23152B361}.Release|Any CPU.Build.0 = Release|Any CPU
		{A70BD66F-855E-4AFB-B78D-6E4AD3EE0AAD}.Debug|Any CPU.ActiveCfg = Debug|Any CPU
		{A70BD66F-855E-4AFB-B78D-6E4AD3EE0AAD}.Debug|Any CPU.Build.0 = Debug|Any CPU
		{A70BD66F-855E-4AFB-B78D-6E4AD3EE0AAD}.Release|Any CPU.ActiveCfg = Release|Any CPU
		{A70BD66F-855E-4AFB-B78D-6E4AD3EE0AAD}.Release|Any CPU.Build.0 = Release|Any CPU
		{E7AAEE6B-2D27-4D95-92EF-2B46B1F0BC33}.Debug|Any CPU.ActiveCfg = Debug|Any CPU
		{E7AAEE6B-2D27-4D95-92EF-2B46B1F0BC33}.Debug|Any CPU.Build.0 = Debug|Any CPU
		{E7AAEE6B-2D27-4D95-92EF-2B46B1F0BC33}.Release|Any CPU.ActiveCfg = Release|Any CPU
		{E7AAEE6B-2D27-4D95-92EF-2B46B1F0BC33}.Release|Any CPU.Build.0 = Release|Any CPU
	EndGlobalSection
	GlobalSection(SolutionProperties) = preSolution
		HideSolutionNode = FALSE
	EndGlobalSection
	GlobalSection(NestedProjects) = preSolution
		{765D3C8E-339C-4DDF-96D8-01D5E0FC7DF8} = {BF25E5F8-95CF-4550-B6DB-BBE7ADE9328F}
		{EF3AFDFA-5A2A-4A43-A42E-E8B16A0DD554} = {BF25E5F8-95CF-4550-B6DB-BBE7ADE9328F}
		{26C9C98C-28B1-488F-9D04-094BB82BEBFA} = {053962FA-B190-4DFC-9057-8A1005338F9F}
		{6BAD581B-1210-4E24-87F1-CD53AC8DB0B9} = {BF25E5F8-95CF-4550-B6DB-BBE7ADE9328F}
		{5BF03C9C-AFD5-4993-9D5C-A23CCC7F156E} = {BF25E5F8-95CF-4550-B6DB-BBE7ADE9328F}
		{85781B96-375D-4B39-B1EE-A581F83E5DE2} = {053962FA-B190-4DFC-9057-8A1005338F9F}
		{E6EC18B6-437C-4A77-812D-36552F371DB2} = {BF25E5F8-95CF-4550-B6DB-BBE7ADE9328F}
		{914472CB-1985-4798-91FB-02A23152B361} = {BF25E5F8-95CF-4550-B6DB-BBE7ADE9328F}
		{A70BD66F-855E-4AFB-B78D-6E4AD3EE0AAD} = {C1FA72FE-D8B5-4D62-83D5-E01596A486DB}
		{E7AAEE6B-2D27-4D95-92EF-2B46B1F0BC33} = {BF25E5F8-95CF-4550-B6DB-BBE7ADE9328F}
	EndGlobalSection
	GlobalSection(ExtensibilityGlobals) = postSolution
		SolutionGuid = {CFA95EB2-3EA6-4613-A9A5-911CD95DBD67}
	EndGlobalSection
EndGlobal
